<?xml version="1.0" encoding="utf-8"?>
<Project ToolsVersion="4.0" xmlns="http://schemas.microsoft.com/developer/msbuild/2003">
  <ItemGroup>
    <Filter Include="src">
      <UniqueIdentifier>{0717540e-1eba-4a0d-b743-4ffabbd4c622}</UniqueIdentifier>
    </Filter>
    <Filter Include="src\Protocol">
      <UniqueIdentifier>{dac21eb1-b51e-4965-ac38-24292bbe2004}</UniqueIdentifier>
    </Filter>
    <Filter Include="src\Header Files">
      <UniqueIdentifier>{93995380-89BD-4b04-88EB-625FBE52EBFB}</UniqueIdentifier>
      <Extensions>h;hh;hpp;hxx;hm;inl;inc;xsd</Extensions>
    </Filter>
    <Filter Include="src\Source Files">
      <UniqueIdentifier>{4FC737F1-C7A5-4376-A066-2A32D752A2FF}</UniqueIdentifier>
      <Extensions>cpp;c;cc;cxx;def;odl;idl;hpj;bat;asm;asmx</Extensions>
    </Filter>
  </ItemGroup>
  <ItemGroup>
    <ClCompile Include="main.cpp">
      <Filter>src\Source Files</Filter>
    </ClCompile>
    <ClCompile Include="App.cpp">
      <Filter>src\Source Files</Filter>
    </ClCompile>
    <ClCompile Include="GateHandler.cpp">
      <Filter>src\Source Files</Filter>
    </ClCompile>
    <ClCompile Include="protocol\Auth.pb.cc">
      <Filter>src\Protocol</Filter>
    </ClCompile>
    <ClCompile Include="protocol\ls_packet.pb.cc">
      <Filter>src\Protocol</Filter>
    </ClCompile>
  </ItemGroup>
  <ItemGroup>
    <ClInclude Include="App.h">
      <Filter>src\Header Files</Filter>
    </ClInclude>
    <ClInclude Include="protocol\PacketType.h">
      <Filter>src\Protocol</Filter>
    </ClInclude>
    <ClInclude Include="protocol\json.hpp">
      <Filter>src\Protocol</Filter>
    </ClInclude>
    <ClInclude Include="GateHandler.h">
      <Filter>src\Header Files</Filter>
    </ClInclude>
    <ClInclude Include="protocol\Auth.pb.h">
      <Filter>src\Protocol</Filter>
    </ClInclude>
    <ClInclude Include="protocol\ls_packet.pb.h">
      <Filter>src\Protocol</Filter>
    </ClInclude>
  </ItemGroup>
  <ItemGroup>
    <None Include="protocol\Auth.proto">
      <Filter>src\Protocol</Filter>
    </None>
    <None Include="protocol\generate.bat">
      <Filter>src\Protocol</Filter>
    </None>
    <None Include="protocol\ls_packet.proto">
      <Filter>src\Protocol</Filter>
    </None>
    <None Include="protocol\protoc.exe">
      <Filter>src\Protocol</Filter>
    </None>
  </ItemGroup>
</Project>